
Microsoft Visual Studio Solution File, Format Version 12.00
# Visual Studio Version 17
VisualStudioVersion = 17.7.34024.191
MinimumVisualStudioVersion = 10.0.40219.1
Project("{FAE04EC0-301F-11D3-BF4B-00C04F79EFBC}") = "Form5", "Form5\Form5.csproj", "{7EBE03CD-8623-49D4-81DB-58EF827BE710}"
EndProject
Global
	GlobalSection(SolutionConfigurationPlatforms) = preSolution
		Debug|Any CPU = Debug|Any CPU
		Release|Any CPU = Release|Any CPU
	EndGlobalSection
	GlobalSection(ProjectConfigurationPlatforms) = postSolution
		{7EBE03CD-8623-49D4-81DB-58EF827BE710}.Debug|Any CPU.ActiveCfg = Debug|Any CPU
		{7EBE03CD-8623-49D4-81DB-58EF827BE710}.Debug|Any CPU.Build.0 = Debug|Any CPU
		{7EBE03CD-8623-49D4-81DB-58EF827BE710}.Release|Any CPU.ActiveCfg = Release|Any CPU
		{7EBE03CD-8623-49D4-81DB-58EF827BE710}.Release|Any CPU.Build.0 = Release|Any CPU
	EndGlobalSection
	GlobalSection(SolutionProperties) = preSolution
		HideSolutionNode = FALSE
	EndGlobalSection
	GlobalSection(ExtensibilityGlobals) = postSolution
		SolutionGuid = {D6694486-989C-48B7-B161-D76F07E7822F}
	EndGlobalSection
EndGlobal
